{
  "object": {
    "pins": [
      {
        "package": "SwiftShell",
        "repositoryURL": "https://github.com/kareman/SwiftShell",
        "state": {
          "branch": null,
          "revision": "beebe43c986d89ea5359ac3adcb42dac94e5e08a",
          "version": "4.1.2"
        }
      },
      {
        "package": "SwiftyGPIO",
        "repositoryURL": "https://github.com/uraimo/SwiftyGPIO.git",
        "state": {
          "branch": null,
          "revision": "4127ff9dd5c6aa8acb6be34b7ce2af2f6e0b942d",
          "version": "1.1.14"
        }
      }
    ]
  },
  "version": 1
}
